// !$*UTF8*$!
{
	archiveVersion = 1;
	classes = {
	};
	objectVersion = 50;
	objects = {

/* Begin PBXBuildFile section */
		DD3CFE0624B9D3350091BDA3 /* AlbumTrackerApp.swift in Sources */ = {isa = PBXBuildFile; fileRef = DD3CFE0524B9D3350091BDA3 /* AlbumTrackerApp.swift */; };
		DD3CFE0824B9D3350091BDA3 /* ContentView.swift in Sources */ = {isa = PBXBuildFile; fileRef = DD3CFE0724B9D3350091BDA3 /* ContentView.swift */; };
		DD3CFE0A24B9D3360091BDA3 /* Assets.xcassets in Resources */ = {isa = PBXBuildFile; fileRef = DD3CFE0924B9D3360091BDA3 /* Assets.xcassets */; };
		DD3CFE0D24B9D3360091BDA3 /* Preview Assets.xcassets in Resources */ = {isa = PBXBuildFile; fileRef = DD3CFE0C24B9D3360091BDA3 /* Preview Assets.xcassets */; };
		DD3CFE3124B9D7E50091BDA3 /* URLRequest+Extensions.swift in Sources */ = {isa = PBXBuildFile; fileRef = DD3CFE3024B9D7E50091BDA3 /* URLRequest+Extensions.swift */; };
		DD3CFE3424B9D80A0091BDA3 /* Networking.swift in Sources */ = {isa = PBXBuildFile; fileRef = DD3CFE3324B9D80A0091BDA3 /* Networking.swift */; };
		DD3CFE3624B9D8450091BDA3 /* Endpoint.swift in Sources */ = {isa = PBXBuildFile; fileRef = DD3CFE3524B9D8450091BDA3 /* Endpoint.swift */; };
		DD3CFE3824B9D8F40091BDA3 /* API.swift in Sources */ = {isa = PBXBuildFile; fileRef = DD3CFE3724B9D8F40091BDA3 /* API.swift */; };
		DD3CFE3B24B9DA5C0091BDA3 /* APITests.swift in Sources */ = {isa = PBXBuildFile; fileRef = DD3CFE3A24B9DA5C0091BDA3 /* APITests.swift */; };
		DD3CFE3D24B9DAF40091BDA3 /* URLRequestExtensionsTests.swift in Sources */ = {isa = PBXBuildFile; fileRef = DD3CFE3C24B9DAF40091BDA3 /* URLRequestExtensionsTests.swift */; };
		DD4F443424B9EF2600A82A1C /* APIImage.swift in Sources */ = {isa = PBXBuildFile; fileRef = DD4F443324B9EF2600A82A1C /* APIImage.swift */; };
		DD4F443624B9F2EF00A82A1C /* URL+Extensions.swift in Sources */ = {isa = PBXBuildFile; fileRef = DD4F443524B9F2EF00A82A1C /* URL+Extensions.swift */; };
		DD4F443F24B9F81200A82A1C /* credentials.json in Resources */ = {isa = PBXBuildFile; fileRef = DD4F443E24B9F81200A82A1C /* credentials.json */; };
		DD4F444124B9FC4700A82A1C /* APICredentials.swift in Sources */ = {isa = PBXBuildFile; fileRef = DD4F444024B9FC4700A82A1C /* APICredentials.swift */; };
		DD4F444324B9FE7600A82A1C /* AsyncImageView.swift in Sources */ = {isa = PBXBuildFile; fileRef = DD4F444224B9FE7600A82A1C /* AsyncImageView.swift */; };
		DD5D93D124B9DD5700E45ED0 /* EndpointTests.swift in Sources */ = {isa = PBXBuildFile; fileRef = DD5D93D024B9DD5700E45ED0 /* EndpointTests.swift */; };
		DD5D93D424B9DF1A00E45ED0 /* Artist.swift in Sources */ = {isa = PBXBuildFile; fileRef = DD5D93D324B9DF1A00E45ED0 /* Artist.swift */; };
		DDC3C4F424BB3F12009C5BFE /* Colors.xcassets in Resources */ = {isa = PBXBuildFile; fileRef = DDC3C4F324BB3F12009C5BFE /* Colors.xcassets */; };
		DDC3C4F624BB5079009C5BFE /* URLExtensionsTests.swift in Sources */ = {isa = PBXBuildFile; fileRef = DDC3C4F524BB5079009C5BFE /* URLExtensionsTests.swift */; };
		DDC3C4F824BB5251009C5BFE /* ArtistsTests.swift in Sources */ = {isa = PBXBuildFile; fileRef = DDC3C4F724BB5251009C5BFE /* ArtistsTests.swift */; };
		DDC3C4FB24BB52E7009C5BFE /* dummyJSONs in Resources */ = {isa = PBXBuildFile; fileRef = DDC3C4FA24BB52E7009C5BFE /* dummyJSONs */; };
		DDC3C4FD24BB5397009C5BFE /* DummyURLSession.swift in Sources */ = {isa = PBXBuildFile; fileRef = DDC3C4FC24BB5397009C5BFE /* DummyURLSession.swift */; };
		DDC3C50524BB6E39009C5BFE /* URLSession+Extensions.swift in Sources */ = {isa = PBXBuildFile; fileRef = DDC3C50424BB6E39009C5BFE /* URLSession+Extensions.swift */; };
/* End PBXBuildFile section */

/* Begin PBXContainerItemProxy section */
		DD3CFE1424B9D3360091BDA3 /* PBXContainerItemProxy */ = {
			isa = PBXContainerItemProxy;
			containerPortal = DD3CFDFA24B9D3350091BDA3 /* Project object */;
			proxyType = 1;
			remoteGlobalIDString = DD3CFE0124B9D3350091BDA3;
			remoteInfo = AlbumTracker;
		};
/* End PBXContainerItemProxy section */

/* Begin PBXFileReference section */
		DD3CFE0224B9D3350091BDA3 /* AlbumTracker.app */ = {isa = PBXFileReference; explicitFileType = wrapper.application; includeInIndex = 0; path = AlbumTracker.app; sourceTree = BUILT_PRODUCTS_DIR; };
		DD3CFE0524B9D3350091BDA3 /* AlbumTrackerApp.swift */ = {isa = PBXFileReference; lastKnownFileType = sourcecode.swift; path = AlbumTrackerApp.swift; sourceTree = "<group>"; };
		DD3CFE0724B9D3350091BDA3 /* ContentView.swift */ = {isa = PBXFileReference; lastKnownFileType = sourcecode.swift; path = ContentView.swift; sourceTree = "<group>"; };
		DD3CFE0924B9D3360091BDA3 /* Assets.xcassets */ = {isa = PBXFileReference; lastKnownFileType = folder.assetcatalog; path = Assets.xcassets; sourceTree = "<group>"; };
		DD3CFE0C24B9D3360091BDA3 /* Preview Assets.xcassets */ = {isa = PBXFileReference; lastKnownFileType = folder.assetcatalog; path = "Preview Assets.xcassets"; sourceTree = "<group>"; };
		DD3CFE0E24B9D3360091BDA3 /* Info.plist */ = {isa = PBXFileReference; lastKnownFileType = text.plist.xml; path = Info.plist; sourceTree = "<group>"; };
		DD3CFE1324B9D3360091BDA3 /* AlbumTrackerTests.xctest */ = {isa = PBXFileReference; explicitFileType = wrapper.cfbundle; includeInIndex = 0; path = AlbumTrackerTests.xctest; sourceTree = BUILT_PRODUCTS_DIR; };
		DD3CFE1924B9D3360091BDA3 /* Info.plist */ = {isa = PBXFileReference; lastKnownFileType = text.plist.xml; path = Info.plist; sourceTree = "<group>"; };
		DD3CFE3024B9D7E50091BDA3 /* URLRequest+Extensions.swift */ = {isa = PBXFileReference; lastKnownFileType = sourcecode.swift; path = "URLRequest+Extensions.swift"; sourceTree = "<group>"; };
		DD3CFE3324B9D80A0091BDA3 /* Networking.swift */ = {isa = PBXFileReference; lastKnownFileType = sourcecode.swift; path = Networking.swift; sourceTree = "<group>"; };
		DD3CFE3524B9D8450091BDA3 /* Endpoint.swift */ = {isa = PBXFileReference; lastKnownFileType = sourcecode.swift; path = Endpoint.swift; sourceTree = "<group>"; };
		DD3CFE3724B9D8F40091BDA3 /* API.swift */ = {isa = PBXFileReference; lastKnownFileType = sourcecode.swift; path = API.swift; sourceTree = "<group>"; };
		DD3CFE3924B9DA5C0091BDA3 /* AlbumTrackerTests-Bridging-Header.h */ = {isa = PBXFileReference; lastKnownFileType = sourcecode.c.h; path = "AlbumTrackerTests-Bridging-Header.h"; sourceTree = "<group>"; };
		DD3CFE3A24B9DA5C0091BDA3 /* APITests.swift */ = {isa = PBXFileReference; lastKnownFileType = sourcecode.swift; path = APITests.swift; sourceTree = "<group>"; };
		DD3CFE3C24B9DAF40091BDA3 /* URLRequestExtensionsTests.swift */ = {isa = PBXFileReference; lastKnownFileType = sourcecode.swift; path = URLRequestExtensionsTests.swift; sourceTree = "<group>"; };
		DD4F443324B9EF2600A82A1C /* APIImage.swift */ = {isa = PBXFileReference; lastKnownFileType = sourcecode.swift; path = APIImage.swift; sourceTree = "<group>"; };
		DD4F443524B9F2EF00A82A1C /* URL+Extensions.swift */ = {isa = PBXFileReference; lastKnownFileType = sourcecode.swift; path = "URL+Extensions.swift"; sourceTree = "<group>"; };
		DD4F443E24B9F81200A82A1C /* credentials.json */ = {isa = PBXFileReference; fileEncoding = 4; lastKnownFileType = text.json; path = credentials.json; sourceTree = "<group>"; };
		DD4F444024B9FC4700A82A1C /* APICredentials.swift */ = {isa = PBXFileReference; lastKnownFileType = sourcecode.swift; path = APICredentials.swift; sourceTree = "<group>"; };
		DD4F444224B9FE7600A82A1C /* AsyncImageView.swift */ = {isa = PBXFileReference; lastKnownFileType = sourcecode.swift; path = AsyncImageView.swift; sourceTree = "<group>"; };
		DD5D93D024B9DD5700E45ED0 /* EndpointTests.swift */ = {isa = PBXFileReference; lastKnownFileType = sourcecode.swift; path = EndpointTests.swift; sourceTree = "<group>"; };
		DD5D93D324B9DF1A00E45ED0 /* Artist.swift */ = {isa = PBXFileReference; lastKnownFileType = sourcecode.swift; path = Artist.swift; sourceTree = "<group>"; };
		DDC3C4F324BB3F12009C5BFE /* Colors.xcassets */ = {isa = PBXFileReference; lastKnownFileType = folder.assetcatalog; path = Colors.xcassets; sourceTree = "<group>"; };
		DDC3C4F524BB5079009C5BFE /* URLExtensionsTests.swift */ = {isa = PBXFileReference; lastKnownFileType = sourcecode.swift; path = URLExtensionsTests.swift; sourceTree = "<group>"; };
		DDC3C4F724BB5251009C5BFE /* ArtistsTests.swift */ = {isa = PBXFileReference; lastKnownFileType = sourcecode.swift; path = ArtistsTests.swift; sourceTree = "<group>"; };
		DDC3C4FA24BB52E7009C5BFE /* dummyJSONs */ = {isa = PBXFileReference; lastKnownFileType = folder; path = dummyJSONs; sourceTree = "<group>"; };
		DDC3C4FC24BB5397009C5BFE /* DummyURLSession.swift */ = {isa = PBXFileReference; lastKnownFileType = sourcecode.swift; path = DummyURLSession.swift; sourceTree = "<group>"; };
		DDC3C50424BB6E39009C5BFE /* URLSession+Extensions.swift */ = {isa = PBXFileReference; lastKnownFileType = sourcecode.swift; path = "URLSession+Extensions.swift"; sourceTree = "<group>"; };
/* End PBXFileReference section */

/* Begin PBXFrameworksBuildPhase section */
		DD3CFDFF24B9D3350091BDA3 /* Frameworks */ = {
			isa = PBXFrameworksBuildPhase;
			buildActionMask = 2147483647;
			files = (
			);
			runOnlyForDeploymentPostprocessing = 0;
		};
		DD3CFE1024B9D3360091BDA3 /* Frameworks */ = {
			isa = PBXFrameworksBuildPhase;
			buildActionMask = 2147483647;
			files = (
			);
			runOnlyForDeploymentPostprocessing = 0;
		};
/* End PBXFrameworksBuildPhase section */

/* Begin PBXGroup section */
		DD3CFDF924B9D3350091BDA3 = {
			isa = PBXGroup;
			children = (
				DD3CFE0424B9D3350091BDA3 /* AlbumTracker */,
				DD3CFE1624B9D3360091BDA3 /* AlbumTrackerTests */,
				DD3CFE0324B9D3350091BDA3 /* Products */,
			);
			sourceTree = "<group>";
		};
		DD3CFE0324B9D3350091BDA3 /* Products */ = {
			isa = PBXGroup;
			children = (
				DD3CFE0224B9D3350091BDA3 /* AlbumTracker.app */,
				DD3CFE1324B9D3360091BDA3 /* AlbumTrackerTests.xctest */,
			);
			name = Products;
			sourceTree = "<group>";
		};
		DD3CFE0424B9D3350091BDA3 /* AlbumTracker */ = {
			isa = PBXGroup;
			children = (
				DD4F443D24B9F81200A82A1C /* private */,
				DD3CFE3224B9D7EE0091BDA3 /* Extensions */,
				DD5D93CF24B9DCF100E45ED0 /* Networking */,
				DD3CFE0524B9D3350091BDA3 /* AlbumTrackerApp.swift */,
				DD3CFE0724B9D3350091BDA3 /* ContentView.swift */,
				DD4F444624B9FED500A82A1C /* AsyncImage */,
				DD5D93D524B9DF1E00E45ED0 /* Model */,
				DD3CFE0924B9D3360091BDA3 /* Assets.xcassets */,
				DDC3C4F324BB3F12009C5BFE /* Colors.xcassets */,
				DD3CFE0E24B9D3360091BDA3 /* Info.plist */,
				DD3CFE0B24B9D3360091BDA3 /* Preview Content */,
			);
			path = AlbumTracker;
			sourceTree = "<group>";
		};
		DD3CFE0B24B9D3360091BDA3 /* Preview Content */ = {
			isa = PBXGroup;
			children = (
				DD3CFE0C24B9D3360091BDA3 /* Preview Assets.xcassets */,
			);
			path = "Preview Content";
			sourceTree = "<group>";
		};
		DD3CFE1624B9D3360091BDA3 /* AlbumTrackerTests */ = {
			isa = PBXGroup;
			children = (
				DDC3C4FA24BB52E7009C5BFE /* dummyJSONs */,
				DDC3C4F924BB5255009C5BFE /* Model */,
				DD5D93D224B9DD7200E45ED0 /* Networking */,
				DD3CFE3E24B9DAFA0091BDA3 /* Extensions */,
				DD3CFE1924B9D3360091BDA3 /* Info.plist */,
				DD3CFE3A24B9DA5C0091BDA3 /* APITests.swift */,
				DD3CFE3924B9DA5C0091BDA3 /* AlbumTrackerTests-Bridging-Header.h */,
			);
			path = AlbumTrackerTests;
			sourceTree = "<group>";
		};
		DD3CFE3224B9D7EE0091BDA3 /* Extensions */ = {
			isa = PBXGroup;
			children = (
				DD3CFE3024B9D7E50091BDA3 /* URLRequest+Extensions.swift */,
				DD4F443524B9F2EF00A82A1C /* URL+Extensions.swift */,
				DDC3C50424BB6E39009C5BFE /* URLSession+Extensions.swift */,
			);
			path = Extensions;
			sourceTree = "<group>";
		};
		DD3CFE3E24B9DAFA0091BDA3 /* Extensions */ = {
			isa = PBXGroup;
			children = (
				DD3CFE3C24B9DAF40091BDA3 /* URLRequestExtensionsTests.swift */,
				DDC3C4F524BB5079009C5BFE /* URLExtensionsTests.swift */,
			);
			path = Extensions;
			sourceTree = "<group>";
		};
		DD4F443D24B9F81200A82A1C /* private */ = {
			isa = PBXGroup;
			children = (
				DD4F443E24B9F81200A82A1C /* credentials.json */,
			);
			path = private;
			sourceTree = "<group>";
		};
		DD4F444624B9FED500A82A1C /* AsyncImage */ = {
			isa = PBXGroup;
			children = (
				DD4F444224B9FE7600A82A1C /* AsyncImageView.swift */,
			);
			path = AsyncImage;
			sourceTree = "<group>";
		};
		DD5D93CF24B9DCF100E45ED0 /* Networking */ = {
			isa = PBXGroup;
			children = (
				DD3CFE3324B9D80A0091BDA3 /* Networking.swift */,
				DD3CFE3524B9D8450091BDA3 /* Endpoint.swift */,
				DD4F444024B9FC4700A82A1C /* APICredentials.swift */,
				DD3CFE3724B9D8F40091BDA3 /* API.swift */,
			);
			path = Networking;
			sourceTree = "<group>";
		};
		DD5D93D224B9DD7200E45ED0 /* Networking */ = {
			isa = PBXGroup;
			children = (
				DD5D93D024B9DD5700E45ED0 /* EndpointTests.swift */,
				DDC3C4FC24BB5397009C5BFE /* DummyURLSession.swift */,
			);
			path = Networking;
			sourceTree = "<group>";
		};
		DD5D93D524B9DF1E00E45ED0 /* Model */ = {
			isa = PBXGroup;
			children = (
				DD5D93D324B9DF1A00E45ED0 /* Artist.swift */,
				DD4F443324B9EF2600A82A1C /* APIImage.swift */,
			);
			path = Model;
			sourceTree = "<group>";
		};
		DDC3C4F924BB5255009C5BFE /* Model */ = {
			isa = PBXGroup;
			children = (
				DDC3C4F724BB5251009C5BFE /* ArtistsTests.swift */,
			);
			path = Model;
			sourceTree = "<group>";
		};
/* End PBXGroup section */

/* Begin PBXNativeTarget section */
		DD3CFE0124B9D3350091BDA3 /* AlbumTracker */ = {
			isa = PBXNativeTarget;
			buildConfigurationList = DD3CFE2724B9D3360091BDA3 /* Build configuration list for PBXNativeTarget "AlbumTracker" */;
			buildPhases = (
				DD3CFDFE24B9D3350091BDA3 /* Sources */,
				DD3CFDFF24B9D3350091BDA3 /* Frameworks */,
				DD3CFE0024B9D3350091BDA3 /* Resources */,
			);
			buildRules = (
			);
			dependencies = (
			);
			name = AlbumTracker;
			packageProductDependencies = (
			);
			productName = AlbumTracker;
			productReference = DD3CFE0224B9D3350091BDA3 /* AlbumTracker.app */;
			productType = "com.apple.product-type.application";
		};
		DD3CFE1224B9D3360091BDA3 /* AlbumTrackerTests */ = {
			isa = PBXNativeTarget;
			buildConfigurationList = DD3CFE2A24B9D3360091BDA3 /* Build configuration list for PBXNativeTarget "AlbumTrackerTests" */;
			buildPhases = (
				DD3CFE0F24B9D3360091BDA3 /* Sources */,
				DD3CFE1024B9D3360091BDA3 /* Frameworks */,
				DD3CFE1124B9D3360091BDA3 /* Resources */,
			);
			buildRules = (
			);
			dependencies = (
				DD3CFE1524B9D3360091BDA3 /* PBXTargetDependency */,
			);
			name = AlbumTrackerTests;
			productName = AlbumTrackerTests;
			productReference = DD3CFE1324B9D3360091BDA3 /* AlbumTrackerTests.xctest */;
			productType = "com.apple.product-type.bundle.unit-test";
		};
/* End PBXNativeTarget section */

/* Begin PBXProject section */
		DD3CFDFA24B9D3350091BDA3 /* Project object */ = {
			isa = PBXProject;
			attributes = {
				LastSwiftUpdateCheck = 1200;
				LastUpgradeCheck = 1200;
				TargetAttributes = {
					DD3CFE0124B9D3350091BDA3 = {
						CreatedOnToolsVersion = 12.0;
					};
					DD3CFE1224B9D3360091BDA3 = {
						CreatedOnToolsVersion = 12.0;
						LastSwiftMigration = 1200;
						TestTargetID = DD3CFE0124B9D3350091BDA3;
					};
				};
			};
			buildConfigurationList = DD3CFDFD24B9D3350091BDA3 /* Build configuration list for PBXProject "AlbumTracker" */;
			compatibilityVersion = "Xcode 9.3";
			developmentRegion = en;
			hasScannedForEncodings = 0;
			knownRegions = (
				en,
				Base,
			);
			mainGroup = DD3CFDF924B9D3350091BDA3;
			packageReferences = (
			);
			productRefGroup = DD3CFE0324B9D3350091BDA3 /* Products */;
			projectDirPath = "";
			projectRoot = "";
			targets = (
				DD3CFE0124B9D3350091BDA3 /* AlbumTracker */,
				DD3CFE1224B9D3360091BDA3 /* AlbumTrackerTests */,
			);
		};
/* End PBXProject section */

/* Begin PBXResourcesBuildPhase section */
		DD3CFE0024B9D3350091BDA3 /* Resources */ = {
			isa = PBXResourcesBuildPhase;
			buildActionMask = 2147483647;
			files = (
				DD4F443F24B9F81200A82A1C /* credentials.json in Resources */,
				DDC3C4F424BB3F12009C5BFE /* Colors.xcassets in Resources */,
				DD3CFE0D24B9D3360091BDA3 /* Preview Assets.xcassets in Resources */,
				DD3CFE0A24B9D3360091BDA3 /* Assets.xcassets in Resources */,
			);
			runOnlyForDeploymentPostprocessing = 0;
		};
		DD3CFE1124B9D3360091BDA3 /* Resources */ = {
			isa = PBXResourcesBuildPhase;
			buildActionMask = 2147483647;
			files = (
				DDC3C4FB24BB52E7009C5BFE /* dummyJSONs in Resources */,
			);
			runOnlyForDeploymentPostprocessing = 0;
		};
/* End PBXResourcesBuildPhase section */

/* Begin PBXSourcesBuildPhase section */
		DD3CFDFE24B9D3350091BDA3 /* Sources */ = {
			isa = PBXSourcesBuildPhase;
			buildActionMask = 2147483647;
			files = (
				DD3CFE3124B9D7E50091BDA3 /* URLRequest+Extensions.swift in Sources */,
				DD3CFE0824B9D3350091BDA3 /* ContentView.swift in Sources */,
				DD3CFE0624B9D3350091BDA3 /* AlbumTrackerApp.swift in Sources */,
				DD3CFE3424B9D80A0091BDA3 /* Networking.swift in Sources */,
				DD4F443624B9F2EF00A82A1C /* URL+Extensions.swift in Sources */,
				DD4F444324B9FE7600A82A1C /* AsyncImageView.swift in Sources */,
				DD4F443424B9EF2600A82A1C /* APIImage.swift in Sources */,
				DD3CFE3824B9D8F40091BDA3 /* API.swift in Sources */,
				DDC3C50524BB6E39009C5BFE /* URLSession+Extensions.swift in Sources */,
				DD4F444124B9FC4700A82A1C /* APICredentials.swift in Sources */,
				DD3CFE3624B9D8450091BDA3 /* Endpoint.swift in Sources */,
				DD5D93D424B9DF1A00E45ED0 /* Artist.swift in Sources */,
			);
			runOnlyForDeploymentPostprocessing = 0;
		};
		DD3CFE0F24B9D3360091BDA3 /* Sources */ = {
			isa = PBXSourcesBuildPhase;
			buildActionMask = 2147483647;
			files = (
				DDC3C4F824BB5251009C5BFE /* ArtistsTests.swift in Sources */,
				DD3CFE3B24B9DA5C0091BDA3 /* APITests.swift in Sources */,
				DDC3C4F624BB5079009C5BFE /* URLExtensionsTests.swift in Sources */,
				DD5D93D124B9DD5700E45ED0 /* EndpointTests.swift in Sources */,
				DD3CFE3D24B9DAF40091BDA3 /* URLRequestExtensionsTests.swift in Sources */,
				DDC3C4FD24BB5397009C5BFE /* DummyURLSession.swift in Sources */,
			);
			runOnlyForDeploymentPostprocessing = 0;
		};
/* End PBXSourcesBuildPhase section */

/* Begin PBXTargetDependency section */
		DD3CFE1524B9D3360091BDA3 /* PBXTargetDependency */ = {
			isa = PBXTargetDependency;
			target = DD3CFE0124B9D3350091BDA3 /* AlbumTracker */;
			targetProxy = DD3CFE1424B9D3360091BDA3 /* PBXContainerItemProxy */;
		};
/* End PBXTargetDependency section */

/* Begin XCBuildConfiguration section */
		DD3CFE2524B9D3360091BDA3 /* Debug */ = {
			isa = XCBuildConfiguration;
			buildSettings = {
				ALWAYS_SEARCH_USER_PATHS = NO;
				CLANG_ANALYZER_NONNULL = YES;
				CLANG_ANALYZER_NUMBER_OBJECT_CONVERSION = YES_AGGRESSIVE;
				CLANG_CXX_LANGUAGE_STANDARD = "gnu++14";
				CLANG_CXX_LIBRARY = "libc++";
				CLANG_ENABLE_MODULES = YES;
				CLANG_ENABLE_OBJC_ARC = YES;
				CLANG_ENABLE_OBJC_WEAK = YES;
				CLANG_WARN_BLOCK_CAPTURE_AUTORELEASING = YES;
				CLANG_WARN_BOOL_CONVERSION = YES;
				CLANG_WARN_COMMA = YES;
				CLANG_WARN_CONSTANT_CONVERSION = YES;
				CLANG_WARN_DEPRECATED_OBJC_IMPLEMENTATIONS = YES;
				CLANG_WARN_DIRECT_OBJC_ISA_USAGE = YES_ERROR;
				CLANG_WARN_DOCUMENTATION_COMMENTS = YES;
				CLANG_WARN_EMPTY_BODY = YES;
				CLANG_WARN_ENUM_CONVERSION = YES;
				CLANG_WARN_INFINITE_RECURSION = YES;
				CLANG_WARN_INT_CONVERSION = YES;
				CLANG_WARN_NON_LITERAL_NULL_CONVERSION = YES;
				CLANG_WARN_OBJC_IMPLICIT_RETAIN_SELF = YES;
				CLANG_WARN_OBJC_LITERAL_CONVERSION = YES;
				CLANG_WARN_OBJC_ROOT_CLASS = YES_ERROR;
				CLANG_WARN_QUOTED_INCLUDE_IN_FRAMEWORK_HEADER = YES;
				CLANG_WARN_RANGE_LOOP_ANALYSIS = YES;
				CLANG_WARN_STRICT_PROTOTYPES = YES;
				CLANG_WARN_SUSPICIOUS_MOVE = YES;
				CLANG_WARN_UNGUARDED_AVAILABILITY = YES_AGGRESSIVE;
				CLANG_WARN_UNREACHABLE_CODE = YES;
				CLANG_WARN__DUPLICATE_METHOD_MATCH = YES;
				COPY_PHASE_STRIP = NO;
				DEBUG_INFORMATION_FORMAT = dwarf;
				ENABLE_STRICT_OBJC_MSGSEND = YES;
				ENABLE_TESTABILITY = YES;
				GCC_C_LANGUAGE_STANDARD = gnu11;
				GCC_DYNAMIC_NO_PIC = NO;
				GCC_NO_COMMON_BLOCKS = YES;
				GCC_OPTIMIZATION_LEVEL = 0;
				GCC_PREPROCESSOR_DEFINITIONS = (
					"DEBUG=1",
					"$(inherited)",
				);
				GCC_WARN_64_TO_32_BIT_CONVERSION = YES;
				GCC_WARN_ABOUT_RETURN_TYPE = YES_ERROR;
				GCC_WARN_UNDECLARED_SELECTOR = YES;
				GCC_WARN_UNINITIALIZED_AUTOS = YES_AGGRESSIVE;
				GCC_WARN_UNUSED_FUNCTION = YES;
				GCC_WARN_UNUSED_VARIABLE = YES;
				IPHONEOS_DEPLOYMENT_TARGET = 14.0;
				MTL_ENABLE_DEBUG_INFO = INCLUDE_SOURCE;
				MTL_FAST_MATH = YES;
				ONLY_ACTIVE_ARCH = YES;
				SDKROOT = iphoneos;
				SWIFT_ACTIVE_COMPILATION_CONDITIONS = DEBUG;
				SWIFT_OPTIMIZATION_LEVEL = "-Onone";
			};
			name = Debug;
		};
		DD3CFE2624B9D3360091BDA3 /* Release */ = {
			isa = XCBuildConfiguration;
			buildSettings = {
				ALWAYS_SEARCH_USER_PATHS = NO;
				CLANG_ANALYZER_NONNULL = YES;
				CLANG_ANALYZER_NUMBER_OBJECT_CONVERSION = YES_AGGRESSIVE;
				CLANG_CXX_LANGUAGE_STANDARD = "gnu++14";
				CLANG_CXX_LIBRARY = "libc++";
				CLANG_ENABLE_MODULES = YES;
				CLANG_ENABLE_OBJC_ARC = YES;
				CLANG_ENABLE_OBJC_WEAK = YES;
				CLANG_WARN_BLOCK_CAPTURE_AUTORELEASING = YES;
				CLANG_WARN_BOOL_CONVERSION = YES;
				CLANG_WARN_COMMA = YES;
				CLANG_WARN_CONSTANT_CONVERSION = YES;
				CLANG_WARN_DEPRECATED_OBJC_IMPLEMENTATIONS = YES;
				CLANG_WARN_DIRECT_OBJC_ISA_USAGE = YES_ERROR;
				CLANG_WARN_DOCUMENTATION_COMMENTS = YES;
				CLANG_WARN_EMPTY_BODY = YES;
				CLANG_WARN_ENUM_CONVERSION = YES;
				CLANG_WARN_INFINITE_RECURSION = YES;
				CLANG_WARN_INT_CONVERSION = YES;
				CLANG_WARN_NON_LITERAL_NULL_CONVERSION = YES;
				CLANG_WARN_OBJC_IMPLICIT_RETAIN_SELF = YES;
				CLANG_WARN_OBJC_LITERAL_CONVERSION = YES;
				CLANG_WARN_OBJC_ROOT_CLASS = YES_ERROR;
				CLANG_WARN_QUOTED_INCLUDE_IN_FRAMEWORK_HEADER = YES;
				CLANG_WARN_RANGE_LOOP_ANALYSIS = YES;
				CLANG_WARN_STRICT_PROTOTYPES = YES;
				CLANG_WARN_SUSPICIOUS_MOVE = YES;
				CLANG_WARN_UNGUARDED_AVAILABILITY = YES_AGGRESSIVE;
				CLANG_WARN_UNREACHABLE_CODE = YES;
				CLANG_WARN__DUPLICATE_METHOD_MATCH = YES;
				COPY_PHASE_STRIP = NO;
				DEBUG_INFORMATION_FORMAT = "dwarf-with-dsym";
				ENABLE_NS_ASSERTIONS = NO;
				ENABLE_STRICT_OBJC_MSGSEND = YES;
				GCC_C_LANGUAGE_STANDARD = gnu11;
				GCC_NO_COMMON_BLOCKS = YES;
				GCC_WARN_64_TO_32_BIT_CONVERSION = YES;
				GCC_WARN_ABOUT_RETURN_TYPE = YES_ERROR;
				GCC_WARN_UNDECLARED_SELECTOR = YES;
				GCC_WARN_UNINITIALIZED_AUTOS = YES_AGGRESSIVE;
				GCC_WARN_UNUSED_FUNCTION = YES;
				GCC_WARN_UNUSED_VARIABLE = YES;
				IPHONEOS_DEPLOYMENT_TARGET = 14.0;
				MTL_ENABLE_DEBUG_INFO = NO;
				MTL_FAST_MATH = YES;
				SDKROOT = iphoneos;
				SWIFT_COMPILATION_MODE = wholemodule;
				SWIFT_OPTIMIZATION_LEVEL = "-O";
				VALIDATE_PRODUCT = YES;
			};
			name = Release;
		};
		DD3CFE2824B9D3360091BDA3 /* Debug */ = {
			isa = XCBuildConfiguration;
			buildSettings = {
				ASSETCATALOG_COMPILER_APPICON_NAME = AppIcon;
				ASSETCATALOG_COMPILER_GLOBAL_ACCENT_COLOR_NAME = AccentColor;
				CODE_SIGN_STYLE = Automatic;
				DEVELOPMENT_ASSET_PATHS = "\"AlbumTracker/Preview Content\"";
				DEVELOPMENT_TEAM = M66FT576JY;
				ENABLE_PREVIEWS = YES;
				INFOPLIST_FILE = AlbumTracker/Info.plist;
				IPHONEOS_DEPLOYMENT_TARGET = 14.0;
				LD_RUNPATH_SEARCH_PATHS = (
					"$(inherited)",
					"@executable_path/Frameworks",
				);
				MARKETING_VERSION = 0.1;
				PRODUCT_BUNDLE_IDENTIFIER = pl.jkmazur.AlbumTracker;
				PRODUCT_NAME = "$(TARGET_NAME)";
				SWIFT_VERSION = 5.0;
				TARGETED_DEVICE_FAMILY = "1,2";
			};
			name = Debug;
		};
		DD3CFE2924B9D3360091BDA3 /* Release */ = {
			isa = XCBuildConfiguration;
			buildSettings = {
				ASSETCATALOG_COMPILER_APPICON_NAME = AppIcon;
				ASSETCATALOG_COMPILER_GLOBAL_ACCENT_COLOR_NAME = AccentColor;
				CODE_SIGN_STYLE = Automatic;
				DEVELOPMENT_ASSET_PATHS = "\"AlbumTracker/Preview Content\"";
				DEVELOPMENT_TEAM = M66FT576JY;
				ENABLE_PREVIEWS = YES;
				INFOPLIST_FILE = AlbumTracker/Info.plist;
				IPHONEOS_DEPLOYMENT_TARGET = 14.0;
				LD_RUNPATH_SEARCH_PATHS = (
					"$(inherited)",
					"@executable_path/Frameworks",
				);
				MARKETING_VERSION = 0.1;
				PRODUCT_BUNDLE_IDENTIFIER = pl.jkmazur.AlbumTracker;
				PRODUCT_NAME = "$(TARGET_NAME)";
				SWIFT_VERSION = 5.0;
				TARGETED_DEVICE_FAMILY = "1,2";
			};
			name = Release;
		};
		DD3CFE2B24B9D3360091BDA3 /* Debug */ = {
			isa = XCBuildConfiguration;
			buildSettings = {
				ALWAYS_EMBED_SWIFT_STANDARD_LIBRARIES = YES;
				BUNDLE_LOADER = "$(TEST_HOST)";
				CLANG_ENABLE_MODULES = YES;
				CODE_SIGN_STYLE = Automatic;
				DEVELOPMENT_TEAM = M66FT576JY;
				INFOPLIST_FILE = AlbumTrackerTests/Info.plist;
				IPHONEOS_DEPLOYMENT_TARGET = 14.0;
				LD_RUNPATH_SEARCH_PATHS = (
					"$(inherited)",
					"@executable_path/Frameworks",
					"@loader_path/Frameworks",
				);
				PRODUCT_BUNDLE_IDENTIFIER = pl.jkmazur.AlbumTrackerTests;
				PRODUCT_NAME = "$(TARGET_NAME)";
				SWIFT_OBJC_BRIDGING_HEADER = "AlbumTrackerTests/AlbumTrackerTests-Bridging-Header.h";
				SWIFT_OPTIMIZATION_LEVEL = "-Onone";
				SWIFT_VERSION = 5.0;
				TARGETED_DEVICE_FAMILY = "1,2";
				TEST_HOST = "$(BUILT_PRODUCTS_DIR)/AlbumTracker.app/AlbumTracker";
			};
			name = Debug;
		};
		DD3CFE2C24B9D3360091BDA3 /* Release */ = {
			isa = XCBuildConfiguration;
			buildSettings = {
				ALWAYS_EMBED_SWIFT_STANDARD_LIBRARIES = YES;
				BUNDLE_LOADER = "$(TEST_HOST)";
				CLANG_ENABLE_MODULES = YES;
				CODE_SIGN_STYLE = Automatic;
				DEVELOPMENT_TEAM = M66FT576JY;
				INFOPLIST_FILE = AlbumTrackerTests/Info.plist;
				IPHONEOS_DEPLOYMENT_TARGET = 14.0;
				LD_RUNPATH_SEARCH_PATHS = (
					"$(inherited)",
					"@executable_path/Frameworks",
					"@loader_path/Frameworks",
				);
				PRODUCT_BUNDLE_IDENTIFIER = pl.jkmazur.AlbumTrackerTests;
				PRODUCT_NAME = "$(TARGET_NAME)";
				SWIFT_OBJC_BRIDGING_HEADER = "AlbumTrackerTests/AlbumTrackerTests-Bridging-Header.h";
				SWIFT_VERSION = 5.0;
				TARGETED_DEVICE_FAMILY = "1,2";
				TEST_HOST = "$(BUILT_PRODUCTS_DIR)/AlbumTracker.app/AlbumTracker";
			};
			name = Release;
		};
/* End XCBuildConfiguration section */

/* Begin XCConfigurationList section */
		DD3CFDFD24B9D3350091BDA3 /* Build configuration list for PBXProject "AlbumTracker" */ = {
			isa = XCConfigurationList;
			buildConfigurations = (
				DD3CFE2524B9D3360091BDA3 /* Debug */,
				DD3CFE2624B9D3360091BDA3 /* Release */,
			);
			defaultConfigurationIsVisible = 0;
			defaultConfigurationName = Release;
		};
		DD3CFE2724B9D3360091BDA3 /* Build configuration list for PBXNativeTarget "AlbumTracker" */ = {
			isa = XCConfigurationList;
			buildConfigurations = (
				DD3CFE2824B9D3360091BDA3 /* Debug */,
				DD3CFE2924B9D3360091BDA3 /* Release */,
			);
			defaultConfigurationIsVisible = 0;
			defaultConfigurationName = Release;
		};
		DD3CFE2A24B9D3360091BDA3 /* Build configuration list for PBXNativeTarget "AlbumTrackerTests" */ = {
			isa = XCConfigurationList;
			buildConfigurations = (
				DD3CFE2B24B9D3360091BDA3 /* Debug */,
				DD3CFE2C24B9D3360091BDA3 /* Release */,
			);
			defaultConfigurationIsVisible = 0;
			defaultConfigurationName = Release;
		};
/* End XCConfigurationList section */
	};
	rootObject = DD3CFDFA24B9D3350091BDA3 /* Project object */;
}
